Microsoft Visual Studio Solution File, Format Version 12.00
# Visual Studio Version 17
VisualStudioVersion = 17.5.2.0
MinimumVisualStudioVersion = 10.0.40219.1
Project("{2150E333-8FDC-42A3-9474-1A3956D46DE8}") = "base", "base", "{91444834-041B-49D4-F19D-19943BFAB384}"
EndProject
Project("{FAE04EC0-301F-11D3-BF4B-00C04F79EFBC}") = ".net", "base\.net\.net.csproj", "{77F7BC63-35A0-9792-EB7C-F0629F1C867F}"
EndProject
Global
	GlobalSection(SolutionConfigurationPlatforms) = preSolution
		Debug|Any CPU = Debug|Any CPU
		Release|Any CPU = Release|Any CPU
	EndGlobalSection
	GlobalSection(ProjectConfigurationPlatforms) = postSolution
		{77F7BC63-35A0-9792-EB7C-F0629F1C867F}.Debug|Any CPU.ActiveCfg = Debug|Any CPU
		{77F7BC63-35A0-9792-EB7C-F0629F1C867F}.Debug|Any CPU.Build.0 = Debug|Any CPU
		{77F7BC63-35A0-9792-EB7C-F0629F1C867F}.Release|Any CPU.ActiveCfg = Release|Any CPU
		{77F7BC63-35A0-9792-EB7C-F0629F1C867F}.Release|Any CPU.Build.0 = Release|Any CPU
	EndGlobalSection
	GlobalSection(SolutionProperties) = preSolution
		HideSolutionNode = FALSE
	EndGlobalSection
	GlobalSection(NestedProjects) = preSolution
		{77F7BC63-35A0-9792-EB7C-F0629F1C867F} = {91444834-041B-49D4-F19D-19943BFAB384}
	EndGlobalSection
	GlobalSection(ExtensibilityGlobals) = postSolution
		SolutionGuid = {B015856A-FB99-48A3-B7CF-344FFACF7D52}
	EndGlobalSection
EndGlobal
